
Microsoft Visual Studio Solution File, Format Version 12.00
# Visual Studio Version 17
VisualStudioVersion = 17.0.31903.59
MinimumVisualStudioVersion = 10.0.40219.1
Project("{FAE04EC0-301F-11D3-BF4B-00C04F79EFBC}") = "API", "API\API.csproj", "{EDBCDD3E-5340-4FA9-BD6B-8691927FB0D0}"
EndProject
Project("{FAE04EC0-301F-11D3-BF4B-00C04F79EFBC}") = "Application", "Application\Application.csproj", "{8A6EB5E1-8C74-4019-87EB-1E49576600EE}"
EndProject
Project("{FAE04EC0-301F-11D3-BF4B-00C04F79EFBC}") = "Domain", "Domain\Domain.csproj", "{BC55C124-8FBE-4BFB-87D3-06F8C31BAE36}"
EndProject
Project("{FAE04EC0-301F-11D3-BF4B-00C04F79EFBC}") = "Persistence", "Persistence\Persistence.csproj", "{BBD5280A-85F4-45C1-A6DB-AF649019ECBD}"
EndProject
Global
	GlobalSection(SolutionConfigurationPlatforms) = preSolution
		Debug|Any CPU = Debug|Any CPU
		Release|Any CPU = Release|Any CPU
	EndGlobalSection
	GlobalSection(SolutionProperties) = preSolution
		HideSolutionNode = FALSE
	EndGlobalSection
	GlobalSection(ProjectConfigurationPlatforms) = postSolution
		{EDBCDD3E-5340-4FA9-BD6B-8691927FB0D0}.Debug|Any CPU.ActiveCfg = Debug|Any CPU
		{EDBCDD3E-5340-4FA9-BD6B-8691927FB0D0}.Debug|Any CPU.Build.0 = Debug|Any CPU
		{EDBCDD3E-5340-4FA9-BD6B-8691927FB0D0}.Release|Any CPU.ActiveCfg = Release|Any CPU
		{EDBCDD3E-5340-4FA9-BD6B-8691927FB0D0}.Release|Any CPU.Build.0 = Release|Any CPU
		{8A6EB5E1-8C74-4019-87EB-1E49576600EE}.Debug|Any CPU.ActiveCfg = Debug|Any CPU
		{8A6EB5E1-8C74-4019-87EB-1E49576600EE}.Debug|Any CPU.Build.0 = Debug|Any CPU
		{8A6EB5E1-8C74-4019-87EB-1E49576600EE}.Release|Any CPU.ActiveCfg = Release|Any CPU
		{8A6EB5E1-8C74-4019-87EB-1E49576600EE}.Release|Any CPU.Build.0 = Release|Any CPU
		{BC55C124-8FBE-4BFB-87D3-06F8C31BAE36}.Debug|Any CPU.ActiveCfg = Debug|Any CPU
		{BC55C124-8FBE-4BFB-87D3-06F8C31BAE36}.Debug|Any CPU.Build.0 = Debug|Any CPU
		{BC55C124-8FBE-4BFB-87D3-06F8C31BAE36}.Release|Any CPU.ActiveCfg = Release|Any CPU
		{BC55C124-8FBE-4BFB-87D3-06F8C31BAE36}.Release|Any CPU.Build.0 = Release|Any CPU
		{BBD5280A-85F4-45C1-A6DB-AF649019ECBD}.Debug|Any CPU.ActiveCfg = Debug|Any CPU
		{BBD5280A-85F4-45C1-A6DB-AF649019ECBD}.Debug|Any CPU.Build.0 = Debug|Any CPU
		{BBD5280A-85F4-45C1-A6DB-AF649019ECBD}.Release|Any CPU.ActiveCfg = Release|Any CPU
		{BBD5280A-85F4-45C1-A6DB-AF649019ECBD}.Release|Any CPU.Build.0 = Release|Any CPU
	EndGlobalSection
EndGlobal
